
Microsoft Visual Studio Solution File, Format Version 12.00
# Visual Studio Version 17
VisualStudioVersion = 17.3.32901.215
MinimumVisualStudioVersion = 10.0.40219.1
Project("{9A19103F-16F7-4668-BE54-9A1E7A4F7556}") = "wpf_task", "wpf_task\wpf_task.csproj", "{A86B73FE-0743-491B-A15C-172EA78ACA72}"
EndProject
Project("{FAE04EC0-301F-11D3-BF4B-00C04F79EFBC}") = "wpf_task.DAL", "wpf_task.DAL\wpf_task.DAL.csproj", "{63B02FB7-9E13-4ECF-B606-1D35FDE7E7E1}"
EndProject
Project("{FAE04EC0-301F-11D3-BF4B-00C04F79EFBC}") = "wpf_task.Interfaces", "wpf_task.Interfaces\wpf_task.Interfaces.csproj", "{6EA5C5A7-9193-4EBE-BF51-C2685FCA362E}"
EndProject
Global
	GlobalSection(SolutionConfigurationPlatforms) = preSolution
		Debug|Any CPU = Debug|Any CPU
		Release|Any CPU = Release|Any CPU
	EndGlobalSection
	GlobalSection(ProjectConfigurationPlatforms) = postSolution
		{A86B73FE-0743-491B-A15C-172EA78ACA72}.Debug|Any CPU.ActiveCfg = Debug|Any CPU
		{A86B73FE-0743-491B-A15C-172EA78ACA72}.Debug|Any CPU.Build.0 = Debug|Any CPU
		{A86B73FE-0743-491B-A15C-172EA78ACA72}.Release|Any CPU.ActiveCfg = Release|Any CPU
		{A86B73FE-0743-491B-A15C-172EA78ACA72}.Release|Any CPU.Build.0 = Release|Any CPU
		{63B02FB7-9E13-4ECF-B606-1D35FDE7E7E1}.Debug|Any CPU.ActiveCfg = Debug|Any CPU
		{63B02FB7-9E13-4ECF-B606-1D35FDE7E7E1}.Debug|Any CPU.Build.0 = Debug|Any CPU
		{63B02FB7-9E13-4ECF-B606-1D35FDE7E7E1}.Release|Any CPU.ActiveCfg = Release|Any CPU
		{63B02FB7-9E13-4ECF-B606-1D35FDE7E7E1}.Release|Any CPU.Build.0 = Release|Any CPU
		{6EA5C5A7-9193-4EBE-BF51-C2685FCA362E}.Debug|Any CPU.ActiveCfg = Debug|Any CPU
		{6EA5C5A7-9193-4EBE-BF51-C2685FCA362E}.Debug|Any CPU.Build.0 = Debug|Any CPU
		{6EA5C5A7-9193-4EBE-BF51-C2685FCA362E}.Release|Any CPU.ActiveCfg = Release|Any CPU
		{6EA5C5A7-9193-4EBE-BF51-C2685FCA362E}.Release|Any CPU.Build.0 = Release|Any CPU
	EndGlobalSection
	GlobalSection(SolutionProperties) = preSolution
		HideSolutionNode = FALSE
	EndGlobalSection
	GlobalSection(ExtensibilityGlobals) = postSolution
		SolutionGuid = {B93DF0FB-C2E2-4DB1-89C8-8B48CBCE9E6A}
	EndGlobalSection
EndGlobal
